
Microsoft Visual Studio Solution File, Format Version 12.00
# Visual Studio Version 16
VisualStudioVersion = 16.0.30717.126
MinimumVisualStudioVersion = 10.0.40219.1
Project("{FAE04EC0-301F-11D3-BF4B-00C04F79EFBC}") = "AdvancedWPFPanel", "AdvancedWPFPanel\AdvancedWPFPanel.csproj", "{97CD6109-2F69-4AAD-8FA9-C560C1624D8A}"
EndProject
Project("{FAE04EC0-301F-11D3-BF4B-00C04F79EFBC}") = "AdvancedWPFPanelExample", "AdvancedWPFPanelExample\AdvancedWPFPanelExample.csproj", "{A2401643-2BCE-4F8F-824A-92615ABB249A}"
EndProject
Global
	GlobalSection(SolutionConfigurationPlatforms) = preSolution
		Debug|Any CPU = Debug|Any CPU
		Release|Any CPU = Release|Any CPU
	EndGlobalSection
	GlobalSection(ProjectConfigurationPlatforms) = postSolution
		{97CD6109-2F69-4AAD-8FA9-C560C1624D8A}.Debug|Any CPU.ActiveCfg = Debug|Any CPU
		{97CD6109-2F69-4AAD-8FA9-C560C1624D8A}.Debug|Any CPU.Build.0 = Debug|Any CPU
		{97CD6109-2F69-4AAD-8FA9-C560C1624D8A}.Release|Any CPU.ActiveCfg = Release|Any CPU
		{97CD6109-2F69-4AAD-8FA9-C560C1624D8A}.Release|Any CPU.Build.0 = Release|Any CPU
		{A2401643-2BCE-4F8F-824A-92615ABB249A}.Debug|Any CPU.ActiveCfg = Debug|Any CPU
		{A2401643-2BCE-4F8F-824A-92615ABB249A}.Debug|Any CPU.Build.0 = Debug|Any CPU
		{A2401643-2BCE-4F8F-824A-92615ABB249A}.Release|Any CPU.ActiveCfg = Release|Any CPU
		{A2401643-2BCE-4F8F-824A-92615ABB249A}.Release|Any CPU.Build.0 = Release|Any CPU
	EndGlobalSection
	GlobalSection(SolutionProperties) = preSolution
		HideSolutionNode = FALSE
	EndGlobalSection
	GlobalSection(ExtensibilityGlobals) = postSolution
		SolutionGuid = {0BCEE7ED-B813-4DF8-983C-2D31C327CCA8}
	EndGlobalSection
EndGlobal
